
Microsoft Visual Studio Solution File, Format Version 12.00
# Visual Studio Version 17
VisualStudioVersion = 17.14.36511.14 d17.14
MinimumVisualStudioVersion = 10.0.40219.1
Project("{FAE04EC0-301F-11D3-BF4B-00C04F79EFBC}") = "exercices", "exercices\exercices.csproj", "{9B8E1A2A-9D9C-418F-A9FF-B4AF5616A66E}"
EndProject
Global
	GlobalSection(SolutionConfigurationPlatforms) = preSolution
		Debug|Any CPU = Debug|Any CPU
		Release|Any CPU = Release|Any CPU
	EndGlobalSection
	GlobalSection(ProjectConfigurationPlatforms) = postSolution
		{9B8E1A2A-9D9C-418F-A9FF-B4AF5616A66E}.Debug|Any CPU.ActiveCfg = Debug|Any CPU
		{9B8E1A2A-9D9C-418F-A9FF-B4AF5616A66E}.Debug|Any CPU.Build.0 = Debug|Any CPU
		{9B8E1A2A-9D9C-418F-A9FF-B4AF5616A66E}.Release|Any CPU.ActiveCfg = Release|Any CPU
		{9B8E1A2A-9D9C-418F-A9FF-B4AF5616A66E}.Release|Any CPU.Build.0 = Release|Any CPU
	EndGlobalSection
	GlobalSection(SolutionProperties) = preSolution
		HideSolutionNode = FALSE
	EndGlobalSection
	GlobalSection(ExtensibilityGlobals) = postSolution
		SolutionGuid = {9290784A-2465-4E4E-8FFD-5C432194005B}
	EndGlobalSection
EndGlobal
